
Microsoft Visual Studio Solution File, Format Version 12.00
# Visual Studio Version 16
VisualStudioVersion = 16.0.31829.152
MinimumVisualStudioVersion = 10.0.40219.1
Project("{FAE04EC0-301F-11D3-BF4B-00C04F79EFBC}") = "Translation41A", "Translation41A\Translation41A.csproj", "{BFFB45A5-1EBB-4838-9776-2F6D6A72D3AA}"
EndProject
Global
	GlobalSection(SolutionConfigurationPlatforms) = preSolution
		Debug|Any CPU = Debug|Any CPU
		Release|Any CPU = Release|Any CPU
	EndGlobalSection
	GlobalSection(ProjectConfigurationPlatforms) = postSolution
		{BFFB45A5-1EBB-4838-9776-2F6D6A72D3AA}.Debug|Any CPU.ActiveCfg = Debug|Any CPU
		{BFFB45A5-1EBB-4838-9776-2F6D6A72D3AA}.Debug|Any CPU.Build.0 = Debug|Any CPU
		{BFFB45A5-1EBB-4838-9776-2F6D6A72D3AA}.Release|Any CPU.ActiveCfg = Release|Any CPU
		{BFFB45A5-1EBB-4838-9776-2F6D6A72D3AA}.Release|Any CPU.Build.0 = Release|Any CPU
	EndGlobalSection
	GlobalSection(SolutionProperties) = preSolution
		HideSolutionNode = FALSE
	EndGlobalSection
	GlobalSection(ExtensibilityGlobals) = postSolution
		SolutionGuid = {310C1CF4-73FA-45A9-AF82-F4C2BC78A126}
	EndGlobalSection
EndGlobal
